
Microsoft Visual Studio Solution File, Format Version 12.00
# Visual Studio Version 16
VisualStudioVersion = 16.0.30204.135
MinimumVisualStudioVersion = 10.0.40219.1
Project("{9A19103F-16F7-4668-BE54-9A1E7A4F7556}") = "FormattingExercise", "FormattingExercise.csproj", "{847A1EF0-FEC9-42E9-9D7C-F85A924990BF}"
EndProject
Global
	GlobalSection(SolutionConfigurationPlatforms) = preSolution
		Debug|Any CPU = Debug|Any CPU
		Release|Any CPU = Release|Any CPU
	EndGlobalSection
	GlobalSection(ProjectConfigurationPlatforms) = postSolution
		{847A1EF0-FEC9-42E9-9D7C-F85A924990BF}.Debug|Any CPU.ActiveCfg = Debug|Any CPU
		{847A1EF0-FEC9-42E9-9D7C-F85A924990BF}.Debug|Any CPU.Build.0 = Debug|Any CPU
		{847A1EF0-FEC9-42E9-9D7C-F85A924990BF}.Release|Any CPU.ActiveCfg = Release|Any CPU
		{847A1EF0-FEC9-42E9-9D7C-F85A924990BF}.Release|Any CPU.Build.0 = Release|Any CPU
	EndGlobalSection
	GlobalSection(SolutionProperties) = preSolution
		HideSolutionNode = FALSE
	EndGlobalSection
	GlobalSection(ExtensibilityGlobals) = postSolution
		SolutionGuid = {128BE4EC-6F8D-44A5-B59E-2A710BB91914}
	EndGlobalSection
EndGlobal
