
Microsoft Visual Studio Solution File, Format Version 12.00
# Visual Studio Version 16
VisualStudioVersion = 16.0.30204.135
MinimumVisualStudioVersion = 10.0.40219.1
Project("{9A19103F-16F7-4668-BE54-9A1E7A4F7556}") = "LoggerExercise", "LoggerExercise.csproj", "{5013A87B-CB49-4DCE-95B9-A18147AC1329}"
EndProject
Global
	GlobalSection(SolutionConfigurationPlatforms) = preSolution
		Debug|Any CPU = Debug|Any CPU
		Release|Any CPU = Release|Any CPU
	EndGlobalSection
	GlobalSection(ProjectConfigurationPlatforms) = postSolution
		{5013A87B-CB49-4DCE-95B9-A18147AC1329}.Debug|Any CPU.ActiveCfg = Debug|Any CPU
		{5013A87B-CB49-4DCE-95B9-A18147AC1329}.Debug|Any CPU.Build.0 = Debug|Any CPU
		{5013A87B-CB49-4DCE-95B9-A18147AC1329}.Release|Any CPU.ActiveCfg = Release|Any CPU
		{5013A87B-CB49-4DCE-95B9-A18147AC1329}.Release|Any CPU.Build.0 = Release|Any CPU
	EndGlobalSection
	GlobalSection(SolutionProperties) = preSolution
		HideSolutionNode = FALSE
	EndGlobalSection
	GlobalSection(ExtensibilityGlobals) = postSolution
		SolutionGuid = {59E607DF-879F-4694-931F-C8751CED9790}
	EndGlobalSection
EndGlobal
